
Microsoft Visual Studio Solution File, Format Version 12.00
# Visual Studio 15
VisualStudioVersion = 15.0.28010.2041
MinimumVisualStudioVersion = 10.0.40219.1
Project("{2150E333-8FDC-42A3-9474-1A3956D46DE8}") = "1 - Services", "1 - Services", "{1C52E7DA-D1A1-4F26-A1A6-4C6D49C63B53}"
EndProject
Project("{2150E333-8FDC-42A3-9474-1A3956D46DE8}") = "2 - Application", "2 - Application", "{F7EB174F-89B8-4681-86DB-3DB5391EDD60}"
EndProject
Project("{2150E333-8FDC-42A3-9474-1A3956D46DE8}") = "3 - Domain", "3 - Domain", "{68A9C00B-4E1F-4B19-962B-321CB03A3907}"
EndProject
Project("{2150E333-8FDC-42A3-9474-1A3956D46DE8}") = "4 - Infra", "4 - Infra", "{7F01AB90-E0AC-45A6-8406-666A4197987B}"
EndProject
Project("{2150E333-8FDC-42A3-9474-1A3956D46DE8}") = "4.1 - Data", "4.1 - Data", "{1DE211D6-A754-48CD-A26C-42795B614BFC}"
EndProject
Project("{2150E333-8FDC-42A3-9474-1A3956D46DE8}") = "4.2 - CrossCutting", "4.2 - CrossCutting", "{8BACC7F5-BA1D-444C-93AC-345BC9943EC7}"
EndProject
Project("{9A19103F-16F7-4668-BE54-9A1E7A4F7556}") = "V8Net.IO.Domain", "src\V8Net.IO.Domain\V8Net.IO.Domain.csproj", "{33F118F4-1BEF-4473-9367-D07F3DF8155C}"
EndProject
Project("{9A19103F-16F7-4668-BE54-9A1E7A4F7556}") = "V8Net.IO.Domain.Core", "src\V8Net.IO.Domain.Core\V8Net.IO.Domain.Core.csproj", "{62398F75-B6F5-41FD-A191-A84029D36D4D}"
EndProject
Project("{9A19103F-16F7-4668-BE54-9A1E7A4F7556}") = "V8Net.IO.Infra.Data", "src\V8Net.IO.Infra.Data\V8Net.IO.Infra.Data.csproj", "{C07FA228-4D57-4F10-9139-63042DFED577}"
EndProject
Project("{9A19103F-16F7-4668-BE54-9A1E7A4F7556}") = "V8Net.IO.Services", "src\V8Net.IO.Services\V8Net.IO.Services.csproj", "{0656D0EB-5591-4C28-931F-3AF8A5E4F031}"
EndProject
Project("{9A19103F-16F7-4668-BE54-9A1E7A4F7556}") = "V8Net.IO.Application", "src\V8Net.IO.Application\V8Net.IO.Application.csproj", "{95764FDC-A9F3-4614-8638-32EF3BC9DC52}"
EndProject
Project("{9A19103F-16F7-4668-BE54-9A1E7A4F7556}") = "V8Net.IO.Infra.CrossCutting.Bus", "src\V8Net.IO.Infra.CrossCutting.Bus\V8Net.IO.Infra.CrossCutting.Bus.csproj", "{52A06F16-5C6D-406F-99B7-9F72215FC033}"
EndProject
Global
	GlobalSection(SolutionConfigurationPlatforms) = preSolution
		Debug|Any CPU = Debug|Any CPU
		Release|Any CPU = Release|Any CPU
	EndGlobalSection
	GlobalSection(ProjectConfigurationPlatforms) = postSolution
		{33F118F4-1BEF-4473-9367-D07F3DF8155C}.Debug|Any CPU.ActiveCfg = Debug|Any CPU
		{33F118F4-1BEF-4473-9367-D07F3DF8155C}.Debug|Any CPU.Build.0 = Debug|Any CPU
		{33F118F4-1BEF-4473-9367-D07F3DF8155C}.Release|Any CPU.ActiveCfg = Release|Any CPU
		{33F118F4-1BEF-4473-9367-D07F3DF8155C}.Release|Any CPU.Build.0 = Release|Any CPU
		{62398F75-B6F5-41FD-A191-A84029D36D4D}.Debug|Any CPU.ActiveCfg = Debug|Any CPU
		{62398F75-B6F5-41FD-A191-A84029D36D4D}.Debug|Any CPU.Build.0 = Debug|Any CPU
		{62398F75-B6F5-41FD-A191-A84029D36D4D}.Release|Any CPU.ActiveCfg = Release|Any CPU
		{62398F75-B6F5-41FD-A191-A84029D36D4D}.Release|Any CPU.Build.0 = Release|Any CPU
		{C07FA228-4D57-4F10-9139-63042DFED577}.Debug|Any CPU.ActiveCfg = Debug|Any CPU
		{C07FA228-4D57-4F10-9139-63042DFED577}.Debug|Any CPU.Build.0 = Debug|Any CPU
		{C07FA228-4D57-4F10-9139-63042DFED577}.Release|Any CPU.ActiveCfg = Release|Any CPU
		{C07FA228-4D57-4F10-9139-63042DFED577}.Release|Any CPU.Build.0 = Release|Any CPU
		{0656D0EB-5591-4C28-931F-3AF8A5E4F031}.Debug|Any CPU.ActiveCfg = Debug|Any CPU
		{0656D0EB-5591-4C28-931F-3AF8A5E4F031}.Debug|Any CPU.Build.0 = Debug|Any CPU
		{0656D0EB-5591-4C28-931F-3AF8A5E4F031}.Release|Any CPU.ActiveCfg = Release|Any CPU
		{0656D0EB-5591-4C28-931F-3AF8A5E4F031}.Release|Any CPU.Build.0 = Release|Any CPU
		{95764FDC-A9F3-4614-8638-32EF3BC9DC52}.Debug|Any CPU.ActiveCfg = Debug|Any CPU
		{95764FDC-A9F3-4614-8638-32EF3BC9DC52}.Debug|Any CPU.Build.0 = Debug|Any CPU
		{95764FDC-A9F3-4614-8638-32EF3BC9DC52}.Release|Any CPU.ActiveCfg = Release|Any CPU
		{95764FDC-A9F3-4614-8638-32EF3BC9DC52}.Release|Any CPU.Build.0 = Release|Any CPU
		{52A06F16-5C6D-406F-99B7-9F72215FC033}.Debug|Any CPU.ActiveCfg = Debug|Any CPU
		{52A06F16-5C6D-406F-99B7-9F72215FC033}.Debug|Any CPU.Build.0 = Debug|Any CPU
		{52A06F16-5C6D-406F-99B7-9F72215FC033}.Release|Any CPU.ActiveCfg = Release|Any CPU
		{52A06F16-5C6D-406F-99B7-9F72215FC033}.Release|Any CPU.Build.0 = Release|Any CPU
	EndGlobalSection
	GlobalSection(SolutionProperties) = preSolution
		HideSolutionNode = FALSE
	EndGlobalSection
	GlobalSection(NestedProjects) = preSolution
		{1DE211D6-A754-48CD-A26C-42795B614BFC} = {7F01AB90-E0AC-45A6-8406-666A4197987B}
		{8BACC7F5-BA1D-444C-93AC-345BC9943EC7} = {7F01AB90-E0AC-45A6-8406-666A4197987B}
		{33F118F4-1BEF-4473-9367-D07F3DF8155C} = {68A9C00B-4E1F-4B19-962B-321CB03A3907}
		{62398F75-B6F5-41FD-A191-A84029D36D4D} = {68A9C00B-4E1F-4B19-962B-321CB03A3907}
		{C07FA228-4D57-4F10-9139-63042DFED577} = {1DE211D6-A754-48CD-A26C-42795B614BFC}
		{0656D0EB-5591-4C28-931F-3AF8A5E4F031} = {1C52E7DA-D1A1-4F26-A1A6-4C6D49C63B53}
		{95764FDC-A9F3-4614-8638-32EF3BC9DC52} = {F7EB174F-89B8-4681-86DB-3DB5391EDD60}
		{52A06F16-5C6D-406F-99B7-9F72215FC033} = {8BACC7F5-BA1D-444C-93AC-345BC9943EC7}
	EndGlobalSection
	GlobalSection(ExtensibilityGlobals) = postSolution
		SolutionGuid = {86DB3954-DD8B-4960-883B-5513E5BFDA4F}
	EndGlobalSection
EndGlobal
